
Microsoft Visual Studio Solution File, Format Version 12.00
# Visual Studio Version 17
VisualStudioVersion = 17.4.33122.133
MinimumVisualStudioVersion = 10.0.40219.1
Project("{FAE04EC0-301F-11D3-BF4B-00C04F79EFBC}") = "ElearnTask", "ElearnTask\ElearnTask.csproj", "{81F6F8FC-0742-48CB-89FF-8DA8863FCF32}"
EndProject
Global
	GlobalSection(SolutionConfigurationPlatforms) = preSolution
		Debug|Any CPU = Debug|Any CPU
		Release|Any CPU = Release|Any CPU
	EndGlobalSection
	GlobalSection(ProjectConfigurationPlatforms) = postSolution
		{81F6F8FC-0742-48CB-89FF-8DA8863FCF32}.Debug|Any CPU.ActiveCfg = Debug|Any CPU
		{81F6F8FC-0742-48CB-89FF-8DA8863FCF32}.Debug|Any CPU.Build.0 = Debug|Any CPU
		{81F6F8FC-0742-48CB-89FF-8DA8863FCF32}.Release|Any CPU.ActiveCfg = Release|Any CPU
		{81F6F8FC-0742-48CB-89FF-8DA8863FCF32}.Release|Any CPU.Build.0 = Release|Any CPU
	EndGlobalSection
	GlobalSection(SolutionProperties) = preSolution
		HideSolutionNode = FALSE
	EndGlobalSection
	GlobalSection(ExtensibilityGlobals) = postSolution
		SolutionGuid = {0BBBE4BA-412D-4574-AE1C-EDDD01A9BF71}
	EndGlobalSection
EndGlobal
